
Microsoft Visual Studio Solution File, Format Version 12.00
# Visual Studio 2012
Project("{FAE04EC0-301F-11D3-BF4B-00C04F79EFBC}") = "ArtifactNotification", "ArtifactNotification\ArtifactNotification.csproj", "{481DCA39-FA90-4EA3-8881-9B42D30F058F}"
EndProject
Project("{FAE04EC0-301F-11D3-BF4B-00C04F79EFBC}") = "ArtifactNotificationSpecification", "ArtifactNotificationSpecification\ArtifactNotificationSpecification.csproj", "{40B8514D-EB87-4D09-B395-1F2053F19DC4}"
EndProject
Project("{FAE04EC0-301F-11D3-BF4B-00C04F79EFBC}") = "Ports", "Ports\Ports.csproj", "{F6F5AA65-FFF6-468D-8023-439EE3B4B670}"
EndProject
Project("{FAE04EC0-301F-11D3-BF4B-00C04F79EFBC}") = "Adapters", "Adapters\Adapters.csproj", "{90980844-1466-4E12-B810-469E8C987E55}"
EndProject
Project("{FAE04EC0-301F-11D3-BF4B-00C04F79EFBC}") = "View", "View\View.csproj", "{9B637BA7-38C0-4434-B876-976F42ED68D7}"
EndProject
Global
	GlobalSection(SolutionConfigurationPlatforms) = preSolution
		Debug|Any CPU = Debug|Any CPU
		Release|Any CPU = Release|Any CPU
	EndGlobalSection
	GlobalSection(ProjectConfigurationPlatforms) = postSolution
		{481DCA39-FA90-4EA3-8881-9B42D30F058F}.Debug|Any CPU.ActiveCfg = Debug|Any CPU
		{481DCA39-FA90-4EA3-8881-9B42D30F058F}.Debug|Any CPU.Build.0 = Debug|Any CPU
		{481DCA39-FA90-4EA3-8881-9B42D30F058F}.Release|Any CPU.ActiveCfg = Release|Any CPU
		{481DCA39-FA90-4EA3-8881-9B42D30F058F}.Release|Any CPU.Build.0 = Release|Any CPU
		{40B8514D-EB87-4D09-B395-1F2053F19DC4}.Debug|Any CPU.ActiveCfg = Debug|Any CPU
		{40B8514D-EB87-4D09-B395-1F2053F19DC4}.Debug|Any CPU.Build.0 = Debug|Any CPU
		{40B8514D-EB87-4D09-B395-1F2053F19DC4}.Release|Any CPU.ActiveCfg = Release|Any CPU
		{40B8514D-EB87-4D09-B395-1F2053F19DC4}.Release|Any CPU.Build.0 = Release|Any CPU
		{F6F5AA65-FFF6-468D-8023-439EE3B4B670}.Debug|Any CPU.ActiveCfg = Debug|Any CPU
		{F6F5AA65-FFF6-468D-8023-439EE3B4B670}.Debug|Any CPU.Build.0 = Debug|Any CPU
		{F6F5AA65-FFF6-468D-8023-439EE3B4B670}.Release|Any CPU.ActiveCfg = Release|Any CPU
		{F6F5AA65-FFF6-468D-8023-439EE3B4B670}.Release|Any CPU.Build.0 = Release|Any CPU
		{90980844-1466-4E12-B810-469E8C987E55}.Debug|Any CPU.ActiveCfg = Debug|Any CPU
		{90980844-1466-4E12-B810-469E8C987E55}.Debug|Any CPU.Build.0 = Debug|Any CPU
		{90980844-1466-4E12-B810-469E8C987E55}.Release|Any CPU.ActiveCfg = Release|Any CPU
		{90980844-1466-4E12-B810-469E8C987E55}.Release|Any CPU.Build.0 = Release|Any CPU
		{9B637BA7-38C0-4434-B876-976F42ED68D7}.Debug|Any CPU.ActiveCfg = Debug|Any CPU
		{9B637BA7-38C0-4434-B876-976F42ED68D7}.Debug|Any CPU.Build.0 = Debug|Any CPU
		{9B637BA7-38C0-4434-B876-976F42ED68D7}.Release|Any CPU.ActiveCfg = Release|Any CPU
		{9B637BA7-38C0-4434-B876-976F42ED68D7}.Release|Any CPU.Build.0 = Release|Any CPU
	EndGlobalSection
	GlobalSection(SolutionProperties) = preSolution
		HideSolutionNode = FALSE
	EndGlobalSection
EndGlobal
